
Microsoft Visual Studio Solution File, Format Version 12.00
# Visual Studio 15
VisualStudioVersion = 15.0.26124.0
MinimumVisualStudioVersion = 15.0.26124.0
Project("{FAE04EC0-301F-11D3-BF4B-00C04F79EFBC}") = "network.backend", "network.backend\network.backend.csproj", "{B9703D17-788B-48AD-8D53-8760A4B9D913}"
EndProject
Project("{FAE04EC0-301F-11D3-BF4B-00C04F79EFBC}") = "network.frontend", "network.frontend\network.frontend.csproj", "{29B136DC-467D-4344-BC5B-30237F92D45B}"
EndProject
Global
	GlobalSection(SolutionConfigurationPlatforms) = preSolution
		Debug|Any CPU = Debug|Any CPU
		Debug|x64 = Debug|x64
		Debug|x86 = Debug|x86
		Release|Any CPU = Release|Any CPU
		Release|x64 = Release|x64
		Release|x86 = Release|x86
	EndGlobalSection
	GlobalSection(SolutionProperties) = preSolution
		HideSolutionNode = FALSE
	EndGlobalSection
	GlobalSection(ProjectConfigurationPlatforms) = postSolution
		{B9703D17-788B-48AD-8D53-8760A4B9D913}.Debug|Any CPU.ActiveCfg = Debug|Any CPU
		{B9703D17-788B-48AD-8D53-8760A4B9D913}.Debug|Any CPU.Build.0 = Debug|Any CPU
		{B9703D17-788B-48AD-8D53-8760A4B9D913}.Debug|x64.ActiveCfg = Debug|Any CPU
		{B9703D17-788B-48AD-8D53-8760A4B9D913}.Debug|x64.Build.0 = Debug|Any CPU
		{B9703D17-788B-48AD-8D53-8760A4B9D913}.Debug|x86.ActiveCfg = Debug|Any CPU
		{B9703D17-788B-48AD-8D53-8760A4B9D913}.Debug|x86.Build.0 = Debug|Any CPU
		{B9703D17-788B-48AD-8D53-8760A4B9D913}.Release|Any CPU.ActiveCfg = Release|Any CPU
		{B9703D17-788B-48AD-8D53-8760A4B9D913}.Release|Any CPU.Build.0 = Release|Any CPU
		{B9703D17-788B-48AD-8D53-8760A4B9D913}.Release|x64.ActiveCfg = Release|Any CPU
		{B9703D17-788B-48AD-8D53-8760A4B9D913}.Release|x64.Build.0 = Release|Any CPU
		{B9703D17-788B-48AD-8D53-8760A4B9D913}.Release|x86.ActiveCfg = Release|Any CPU
		{B9703D17-788B-48AD-8D53-8760A4B9D913}.Release|x86.Build.0 = Release|Any CPU
		{29B136DC-467D-4344-BC5B-30237F92D45B}.Debug|Any CPU.ActiveCfg = Debug|Any CPU
		{29B136DC-467D-4344-BC5B-30237F92D45B}.Debug|Any CPU.Build.0 = Debug|Any CPU
		{29B136DC-467D-4344-BC5B-30237F92D45B}.Debug|x64.ActiveCfg = Debug|Any CPU
		{29B136DC-467D-4344-BC5B-30237F92D45B}.Debug|x64.Build.0 = Debug|Any CPU
		{29B136DC-467D-4344-BC5B-30237F92D45B}.Debug|x86.ActiveCfg = Debug|Any CPU
		{29B136DC-467D-4344-BC5B-30237F92D45B}.Debug|x86.Build.0 = Debug|Any CPU
		{29B136DC-467D-4344-BC5B-30237F92D45B}.Release|Any CPU.ActiveCfg = Release|Any CPU
		{29B136DC-467D-4344-BC5B-30237F92D45B}.Release|Any CPU.Build.0 = Release|Any CPU
		{29B136DC-467D-4344-BC5B-30237F92D45B}.Release|x64.ActiveCfg = Release|Any CPU
		{29B136DC-467D-4344-BC5B-30237F92D45B}.Release|x64.Build.0 = Release|Any CPU
		{29B136DC-467D-4344-BC5B-30237F92D45B}.Release|x86.ActiveCfg = Release|Any CPU
		{29B136DC-467D-4344-BC5B-30237F92D45B}.Release|x86.Build.0 = Release|Any CPU
	EndGlobalSection
EndGlobal
